// !$*UTF8*$!
{
	archiveVersion = 1;
	classes = {
	};
	objectVersion = 50;
	objects = {

/* Begin PBXBuildFile section */
		1DC41BDDA9FEAEB85510A686 /* Pods_rns_ios_rns_iosTests.framework in Frameworks */ = {isa = PBXBuildFile; fileRef = A02D902C98A847C7E797B3A5 /* Pods_rns_ios_rns_iosTests.framework */; };
		7810FA8F22A1ABC600B8D0E7 /* RnsResolver.swift in Sources */ = {isa = PBXBuildFile; fileRef = 7810FA8E22A1ABC600B8D0E7 /* RnsResolver.swift */; };
		7810FA9122A1AC5F00B8D0E7 /* utils.swift in Sources */ = {isa = PBXBuildFile; fileRef = 7810FA9022A1AC5F00B8D0E7 /* utils.swift */; };
		7831925622A4B1A4005AA2E0 /* resolver.swift in Sources */ = {isa = PBXBuildFile; fileRef = 7831925522A4B1A4005AA2E0 /* resolver.swift */; };
		7831925722A4B256005AA2E0 /* erc677ABI.json in Resources */ = {isa = PBXBuildFile; fileRef = 788083B7228CD26100FFF0EA /* erc677ABI.json */; };
		7831925822A4B256005AA2E0 /* PublicResolverABI.json in Resources */ = {isa = PBXBuildFile; fileRef = 788083B6228CD26100FFF0EA /* PublicResolverABI.json */; };
		7831925922A4B256005AA2E0 /* RegistrarABI.json in Resources */ = {isa = PBXBuildFile; fileRef = 788083B8228CD26100FFF0EA /* RegistrarABI.json */; };
		7831925A22A4B256005AA2E0 /* RegistryABI.json in Resources */ = {isa = PBXBuildFile; fileRef = 788083B5228CD26000FFF0EA /* RegistryABI.json */; };
		7831925B22A4B264005AA2E0 /* erc677ABI.json in Resources */ = {isa = PBXBuildFile; fileRef = 788083B7228CD26100FFF0EA /* erc677ABI.json */; };
		7831925C22A4B264005AA2E0 /* PublicResolverABI.json in Resources */ = {isa = PBXBuildFile; fileRef = 788083B6228CD26100FFF0EA /* PublicResolverABI.json */; };
		7831925D22A4B264005AA2E0 /* RegistrarABI.json in Resources */ = {isa = PBXBuildFile; fileRef = 788083B8228CD26100FFF0EA /* RegistrarABI.json */; };
		7831925E22A4B264005AA2E0 /* RegistryABI.json in Resources */ = {isa = PBXBuildFile; fileRef = 788083B5228CD26000FFF0EA /* RegistryABI.json */; };
		783192DE22A6A138005AA2E0 /* BigInt.framework in Frameworks */ = {isa = PBXBuildFile; fileRef = 783192DD22A6A138005AA2E0 /* BigInt.framework */; };
		783192E022A6A138005AA2E0 /* CryptoSwift.framework in Frameworks */ = {isa = PBXBuildFile; fileRef = 783192DF22A6A138005AA2E0 /* CryptoSwift.framework */; };
		783192E222A6A138005AA2E0 /* PromiseKit.framework in Frameworks */ = {isa = PBXBuildFile; fileRef = 783192E122A6A138005AA2E0 /* PromiseKit.framework */; };
		783192E422A6A138005AA2E0 /* secp256k1.framework in Frameworks */ = {isa = PBXBuildFile; fileRef = 783192E322A6A138005AA2E0 /* secp256k1.framework */; };
		783192E622A6A138005AA2E0 /* SipHash.framework in Frameworks */ = {isa = PBXBuildFile; fileRef = 783192E522A6A138005AA2E0 /* SipHash.framework */; };
		783192E822A6A138005AA2E0 /* SwiftyJSON.framework in Frameworks */ = {isa = PBXBuildFile; fileRef = 783192E722A6A138005AA2E0 /* SwiftyJSON.framework */; };
		783192EA22A6A138005AA2E0 /* Web3.framework in Frameworks */ = {isa = PBXBuildFile; fileRef = 783192E922A6A138005AA2E0 /* Web3.framework */; };
		7847049B228CAFD800477999 /* rns_ios.framework in Frameworks */ = {isa = PBXBuildFile; fileRef = 78470491228CAFD800477999 /* rns_ios.framework */; };
		784704A2228CAFD800477999 /* rns_ios.h in Headers */ = {isa = PBXBuildFile; fileRef = 78470494228CAFD800477999 /* rns_ios.h */; settings = {ATTRIBUTES = (Public, ); }; };
		788083C9228DE0B200FFF0EA /* ens_namehash.swift in Sources */ = {isa = PBXBuildFile; fileRef = 788083C8228DE0B200FFF0EA /* ens_namehash.swift */; };
		8C163F6F00EC694A85FD5EB3 /* Pods_rns_ios.framework in Frameworks */ = {isa = PBXBuildFile; fileRef = D621FD71887E5DF1F36D71EF /* Pods_rns_ios.framework */; };
/* End PBXBuildFile section */

/* Begin PBXContainerItemProxy section */
		7847049C228CAFD800477999 /* PBXContainerItemProxy */ = {
			isa = PBXContainerItemProxy;
			containerPortal = 78470488228CAFD800477999 /* Project object */;
			proxyType = 1;
			remoteGlobalIDString = 78470490228CAFD800477999;
			remoteInfo = "rns-ios";
		};
/* End PBXContainerItemProxy section */

/* Begin PBXCopyFilesBuildPhase section */
		783192A522A5BFC8005AA2E0 /* Copy Files */ = {
			isa = PBXCopyFilesBuildPhase;
			buildActionMask = 2147483647;
			dstPath = "";
			dstSubfolderSpec = 10;
			files = (
			);
			name = "Copy Files";
			runOnlyForDeploymentPostprocessing = 0;
		};
/* End PBXCopyFilesBuildPhase section */

/* Begin PBXFileReference section */
		7810FA8E22A1ABC600B8D0E7 /* RnsResolver.swift */ = {isa = PBXFileReference; lastKnownFileType = sourcecode.swift; path = RnsResolver.swift; sourceTree = "<group>"; };
		7810FA9022A1AC5F00B8D0E7 /* utils.swift */ = {isa = PBXFileReference; lastKnownFileType = sourcecode.swift; path = utils.swift; sourceTree = "<group>"; };
		7831925522A4B1A4005AA2E0 /* resolver.swift */ = {isa = PBXFileReference; lastKnownFileType = sourcecode.swift; path = resolver.swift; sourceTree = "<group>"; };
		783192BB22A5D90E005AA2E0 /* BigInt.framework */ = {isa = PBXFileReference; explicitFileType = wrapper.framework; path = BigInt.framework; sourceTree = BUILT_PRODUCTS_DIR; };
		783192BD22A5D90E005AA2E0 /* CryptoSwift.framework */ = {isa = PBXFileReference; explicitFileType = wrapper.framework; path = CryptoSwift.framework; sourceTree = BUILT_PRODUCTS_DIR; };
		783192BF22A5D90E005AA2E0 /* PromiseKit.framework */ = {isa = PBXFileReference; explicitFileType = wrapper.framework; path = PromiseKit.framework; sourceTree = BUILT_PRODUCTS_DIR; };
		783192C122A5D90E005AA2E0 /* secp256k1.framework */ = {isa = PBXFileReference; explicitFileType = wrapper.framework; path = secp256k1.framework; sourceTree = BUILT_PRODUCTS_DIR; };
		783192C322A5D90E005AA2E0 /* SipHash.framework */ = {isa = PBXFileReference; explicitFileType = wrapper.framework; path = SipHash.framework; sourceTree = BUILT_PRODUCTS_DIR; };
		783192C522A5D90E005AA2E0 /* SwiftyJSON.framework */ = {isa = PBXFileReference; explicitFileType = wrapper.framework; path = SwiftyJSON.framework; sourceTree = BUILT_PRODUCTS_DIR; };
		783192C722A5D90E005AA2E0 /* Web3.framework */ = {isa = PBXFileReference; explicitFileType = wrapper.framework; path = Web3.framework; sourceTree = BUILT_PRODUCTS_DIR; };
		783192D722A5E1EF005AA2E0 /* BigInt.framework */ = {isa = PBXFileReference; explicitFileType = wrapper.framework; path = BigInt.framework; sourceTree = BUILT_PRODUCTS_DIR; };
		783192DD22A6A138005AA2E0 /* BigInt.framework */ = {isa = PBXFileReference; explicitFileType = wrapper.framework; path = BigInt.framework; sourceTree = BUILT_PRODUCTS_DIR; };
		783192DF22A6A138005AA2E0 /* CryptoSwift.framework */ = {isa = PBXFileReference; explicitFileType = wrapper.framework; path = CryptoSwift.framework; sourceTree = BUILT_PRODUCTS_DIR; };
		783192E122A6A138005AA2E0 /* PromiseKit.framework */ = {isa = PBXFileReference; explicitFileType = wrapper.framework; path = PromiseKit.framework; sourceTree = BUILT_PRODUCTS_DIR; };
		783192E322A6A138005AA2E0 /* secp256k1.framework */ = {isa = PBXFileReference; explicitFileType = wrapper.framework; path = secp256k1.framework; sourceTree = BUILT_PRODUCTS_DIR; };
		783192E522A6A138005AA2E0 /* SipHash.framework */ = {isa = PBXFileReference; explicitFileType = wrapper.framework; path = SipHash.framework; sourceTree = BUILT_PRODUCTS_DIR; };
		783192E722A6A138005AA2E0 /* SwiftyJSON.framework */ = {isa = PBXFileReference; explicitFileType = wrapper.framework; path = SwiftyJSON.framework; sourceTree = BUILT_PRODUCTS_DIR; };
		783192E922A6A138005AA2E0 /* Web3.framework */ = {isa = PBXFileReference; explicitFileType = wrapper.framework; path = Web3.framework; sourceTree = BUILT_PRODUCTS_DIR; };
		78470491228CAFD800477999 /* rns_ios.framework */ = {isa = PBXFileReference; explicitFileType = wrapper.framework; includeInIndex = 0; path = rns_ios.framework; sourceTree = BUILT_PRODUCTS_DIR; };
		78470494228CAFD800477999 /* rns_ios.h */ = {isa = PBXFileReference; lastKnownFileType = sourcecode.c.h; path = rns_ios.h; sourceTree = "<group>"; };
		78470495228CAFD800477999 /* Info.plist */ = {isa = PBXFileReference; lastKnownFileType = text.plist.xml; path = Info.plist; sourceTree = "<group>"; };
		7847049A228CAFD800477999 /* rns-iosTests.xctest */ = {isa = PBXFileReference; explicitFileType = wrapper.cfbundle; includeInIndex = 0; path = "rns-iosTests.xctest"; sourceTree = BUILT_PRODUCTS_DIR; };
		784704A1228CAFD800477999 /* Info.plist */ = {isa = PBXFileReference; lastKnownFileType = text.plist.xml; path = Info.plist; sourceTree = "<group>"; };
		788083B5228CD26000FFF0EA /* RegistryABI.json */ = {isa = PBXFileReference; lastKnownFileType = text.json; path = RegistryABI.json; sourceTree = "<group>"; };
		788083B6228CD26100FFF0EA /* PublicResolverABI.json */ = {isa = PBXFileReference; lastKnownFileType = text.json; path = PublicResolverABI.json; sourceTree = "<group>"; };
		788083B7228CD26100FFF0EA /* erc677ABI.json */ = {isa = PBXFileReference; lastKnownFileType = text.json; path = erc677ABI.json; sourceTree = "<group>"; };
		788083B8228CD26100FFF0EA /* RegistrarABI.json */ = {isa = PBXFileReference; lastKnownFileType = text.json; path = RegistrarABI.json; sourceTree = "<group>"; };
		788083C8228DE0B200FFF0EA /* ens_namehash.swift */ = {isa = PBXFileReference; lastKnownFileType = sourcecode.swift; path = ens_namehash.swift; sourceTree = "<group>"; };
		A02D902C98A847C7E797B3A5 /* Pods_rns_ios_rns_iosTests.framework */ = {isa = PBXFileReference; explicitFileType = wrapper.framework; includeInIndex = 0; path = Pods_rns_ios_rns_iosTests.framework; sourceTree = BUILT_PRODUCTS_DIR; };
		D621FD71887E5DF1F36D71EF /* Pods_rns_ios.framework */ = {isa = PBXFileReference; explicitFileType = wrapper.framework; includeInIndex = 0; path = Pods_rns_ios.framework; sourceTree = BUILT_PRODUCTS_DIR; };
		E031C8F6823364C168A2D532 /* Pods-rns-ios-rns-iosTests.debug.xcconfig */ = {isa = PBXFileReference; includeInIndex = 1; lastKnownFileType = text.xcconfig; name = "Pods-rns-ios-rns-iosTests.debug.xcconfig"; path = "Target Support Files/Pods-rns-ios-rns-iosTests/Pods-rns-ios-rns-iosTests.debug.xcconfig"; sourceTree = "<group>"; };
		E1BC4EC71028A344CCAB9D7E /* Pods-rns-ios.release.xcconfig */ = {isa = PBXFileReference; includeInIndex = 1; lastKnownFileType = text.xcconfig; name = "Pods-rns-ios.release.xcconfig"; path = "Target Support Files/Pods-rns-ios/Pods-rns-ios.release.xcconfig"; sourceTree = "<group>"; };
		ECEE91A80DF040838325238B /* Pods-rns-ios.debug.xcconfig */ = {isa = PBXFileReference; includeInIndex = 1; lastKnownFileType = text.xcconfig; name = "Pods-rns-ios.debug.xcconfig"; path = "Target Support Files/Pods-rns-ios/Pods-rns-ios.debug.xcconfig"; sourceTree = "<group>"; };
		ECFA84DA4077052529CC65B5 /* Pods-rns-ios-rns-iosTests.release.xcconfig */ = {isa = PBXFileReference; includeInIndex = 1; lastKnownFileType = text.xcconfig; name = "Pods-rns-ios-rns-iosTests.release.xcconfig"; path = "Target Support Files/Pods-rns-ios-rns-iosTests/Pods-rns-ios-rns-iosTests.release.xcconfig"; sourceTree = "<group>"; };
/* End PBXFileReference section */

/* Begin PBXFrameworksBuildPhase section */
		7847048E228CAFD800477999 /* Frameworks */ = {
			isa = PBXFrameworksBuildPhase;
			buildActionMask = 2147483647;
			files = (
				783192DE22A6A138005AA2E0 /* BigInt.framework in Frameworks */,
				783192E022A6A138005AA2E0 /* CryptoSwift.framework in Frameworks */,
				783192E222A6A138005AA2E0 /* PromiseKit.framework in Frameworks */,
				783192E422A6A138005AA2E0 /* secp256k1.framework in Frameworks */,
				783192E622A6A138005AA2E0 /* SipHash.framework in Frameworks */,
				783192E822A6A138005AA2E0 /* SwiftyJSON.framework in Frameworks */,
				783192EA22A6A138005AA2E0 /* Web3.framework in Frameworks */,
				8C163F6F00EC694A85FD5EB3 /* Pods_rns_ios.framework in Frameworks */,
			);
			runOnlyForDeploymentPostprocessing = 0;
		};
		78470497228CAFD800477999 /* Frameworks */ = {
			isa = PBXFrameworksBuildPhase;
			buildActionMask = 2147483647;
			files = (
				7847049B228CAFD800477999 /* rns_ios.framework in Frameworks */,
				1DC41BDDA9FEAEB85510A686 /* Pods_rns_ios_rns_iosTests.framework in Frameworks */,
			);
			runOnlyForDeploymentPostprocessing = 0;
		};
/* End PBXFrameworksBuildPhase section */

/* Begin PBXGroup section */
		5AC535920FF60C9667013523 /* Frameworks */ = {
			isa = PBXGroup;
			children = (
				783192DD22A6A138005AA2E0 /* BigInt.framework */,
				783192DF22A6A138005AA2E0 /* CryptoSwift.framework */,
				783192E122A6A138005AA2E0 /* PromiseKit.framework */,
				783192E322A6A138005AA2E0 /* secp256k1.framework */,
				783192E522A6A138005AA2E0 /* SipHash.framework */,
				783192E722A6A138005AA2E0 /* SwiftyJSON.framework */,
				783192E922A6A138005AA2E0 /* Web3.framework */,
				783192D722A5E1EF005AA2E0 /* BigInt.framework */,
				783192BB22A5D90E005AA2E0 /* BigInt.framework */,
				783192BD22A5D90E005AA2E0 /* CryptoSwift.framework */,
				783192BF22A5D90E005AA2E0 /* PromiseKit.framework */,
				783192C122A5D90E005AA2E0 /* secp256k1.framework */,
				783192C322A5D90E005AA2E0 /* SipHash.framework */,
				783192C522A5D90E005AA2E0 /* SwiftyJSON.framework */,
				783192C722A5D90E005AA2E0 /* Web3.framework */,
				D621FD71887E5DF1F36D71EF /* Pods_rns_ios.framework */,
				A02D902C98A847C7E797B3A5 /* Pods_rns_ios_rns_iosTests.framework */,
			);
			name = Frameworks;
			sourceTree = "<group>";
		};
		78470487228CAFD800477999 = {
			isa = PBXGroup;
			children = (
				788083B7228CD26100FFF0EA /* erc677ABI.json */,
				788083B6228CD26100FFF0EA /* PublicResolverABI.json */,
				788083B8228CD26100FFF0EA /* RegistrarABI.json */,
				788083B5228CD26000FFF0EA /* RegistryABI.json */,
				788083BD228CD35600FFF0EA /* Resources */,
				78470493228CAFD800477999 /* rns-ios */,
				7847049E228CAFD800477999 /* rns-iosTests */,
				78470492228CAFD800477999 /* Products */,
				F6579C73541B6627EA5AE846 /* Pods */,
				5AC535920FF60C9667013523 /* Frameworks */,
			);
			sourceTree = "<group>";
		};
		78470492228CAFD800477999 /* Products */ = {
			isa = PBXGroup;
			children = (
				78470491228CAFD800477999 /* rns_ios.framework */,
				7847049A228CAFD800477999 /* rns-iosTests.xctest */,
			);
			name = Products;
			sourceTree = "<group>";
		};
		78470493228CAFD800477999 /* rns-ios */ = {
			isa = PBXGroup;
			children = (
				78470494228CAFD800477999 /* rns_ios.h */,
				78470495228CAFD800477999 /* Info.plist */,
				788083C8228DE0B200FFF0EA /* ens_namehash.swift */,
				7810FA8E22A1ABC600B8D0E7 /* RnsResolver.swift */,
				7810FA9022A1AC5F00B8D0E7 /* utils.swift */,
			);
			path = "rns-ios";
			sourceTree = "<group>";
		};
		7847049E228CAFD800477999 /* rns-iosTests */ = {
			isa = PBXGroup;
			children = (
				7831925522A4B1A4005AA2E0 /* resolver.swift */,
				784704A1228CAFD800477999 /* Info.plist */,
			);
			path = "rns-iosTests";
			sourceTree = "<group>";
		};
		788083BD228CD35600FFF0EA /* Resources */ = {
			isa = PBXGroup;
			children = (
			);
			path = Resources;
			sourceTree = "<group>";
		};
		F6579C73541B6627EA5AE846 /* Pods */ = {
			isa = PBXGroup;
			children = (
				ECEE91A80DF040838325238B /* Pods-rns-ios.debug.xcconfig */,
				E1BC4EC71028A344CCAB9D7E /* Pods-rns-ios.release.xcconfig */,
				E031C8F6823364C168A2D532 /* Pods-rns-ios-rns-iosTests.debug.xcconfig */,
				ECFA84DA4077052529CC65B5 /* Pods-rns-ios-rns-iosTests.release.xcconfig */,
			);
			path = Pods;
			sourceTree = "<group>";
		};
/* End PBXGroup section */

/* Begin PBXHeadersBuildPhase section */
		7847048C228CAFD800477999 /* Headers */ = {
			isa = PBXHeadersBuildPhase;
			buildActionMask = 2147483647;
			files = (
				784704A2228CAFD800477999 /* rns_ios.h in Headers */,
			);
			runOnlyForDeploymentPostprocessing = 0;
		};
/* End PBXHeadersBuildPhase section */

/* Begin PBXNativeTarget section */
		78470490228CAFD800477999 /* rns-ios */ = {
			isa = PBXNativeTarget;
			buildConfigurationList = 784704A5228CAFD900477999 /* Build configuration list for PBXNativeTarget "rns-ios" */;
			buildPhases = (
				C10B8442FEC31AD6DC3A149B /* [CP] Check Pods Manifest.lock */,
				7847048C228CAFD800477999 /* Headers */,
				7847048D228CAFD800477999 /* Sources */,
				7847048E228CAFD800477999 /* Frameworks */,
				7847048F228CAFD800477999 /* Resources */,
				783192A522A5BFC8005AA2E0 /* Copy Files */,
			);
			buildRules = (
			);
			dependencies = (
			);
			name = "rns-ios";
			productName = "rns-ios";
			productReference = 78470491228CAFD800477999 /* rns_ios.framework */;
			productType = "com.apple.product-type.framework";
		};
		78470499228CAFD800477999 /* rns-iosTests */ = {
			isa = PBXNativeTarget;
			buildConfigurationList = 784704A8228CAFD900477999 /* Build configuration list for PBXNativeTarget "rns-iosTests" */;
			buildPhases = (
				E8B056B30274DBE49734BD35 /* [CP] Check Pods Manifest.lock */,
				78470496228CAFD800477999 /* Sources */,
				78470497228CAFD800477999 /* Frameworks */,
				78470498228CAFD800477999 /* Resources */,
				4CBE96A74639BF3DA6BF1618 /* [CP] Embed Pods Frameworks */,
			);
			buildRules = (
			);
			dependencies = (
				7847049D228CAFD800477999 /* PBXTargetDependency */,
			);
			name = "rns-iosTests";
			productName = "rns-iosTests";
			productReference = 7847049A228CAFD800477999 /* rns-iosTests.xctest */;
			productType = "com.apple.product-type.bundle.unit-test";
		};
/* End PBXNativeTarget section */

/* Begin PBXProject section */
		78470488228CAFD800477999 /* Project object */ = {
			isa = PBXProject;
			attributes = {
				DefaultBuildSystemTypeForWorkspace = Original;
				LastSwiftUpdateCheck = 1020;
				LastUpgradeCheck = 1020;
				ORGANIZATIONNAME = Sirius;
				TargetAttributes = {
					78470490228CAFD800477999 = {
						CreatedOnToolsVersion = 10.2.1;
						LastSwiftMigration = 1020;
					};
					78470499228CAFD800477999 = {
						CreatedOnToolsVersion = 10.2.1;
					};
				};
			};
			buildConfigurationList = 7847048B228CAFD800477999 /* Build configuration list for PBXProject "rns-ios" */;
			compatibilityVersion = "Xcode 9.3";
			developmentRegion = en;
			hasScannedForEncodings = 0;
			knownRegions = (
				en,
				Base,
			);
			mainGroup = 78470487228CAFD800477999;
			productRefGroup = 78470492228CAFD800477999 /* Products */;
			projectDirPath = "";
			projectRoot = "";
			targets = (
				78470490228CAFD800477999 /* rns-ios */,
				78470499228CAFD800477999 /* rns-iosTests */,
			);
		};
/* End PBXProject section */

/* Begin PBXResourcesBuildPhase section */
		7847048F228CAFD800477999 /* Resources */ = {
			isa = PBXResourcesBuildPhase;
			buildActionMask = 2147483647;
			files = (
				7831925B22A4B264005AA2E0 /* erc677ABI.json in Resources */,
				7831925C22A4B264005AA2E0 /* PublicResolverABI.json in Resources */,
				7831925D22A4B264005AA2E0 /* RegistrarABI.json in Resources */,
				7831925E22A4B264005AA2E0 /* RegistryABI.json in Resources */,
			);
			runOnlyForDeploymentPostprocessing = 0;
		};
		78470498228CAFD800477999 /* Resources */ = {
			isa = PBXResourcesBuildPhase;
			buildActionMask = 2147483647;
			files = (
				7831925722A4B256005AA2E0 /* erc677ABI.json in Resources */,
				7831925822A4B256005AA2E0 /* PublicResolverABI.json in Resources */,
				7831925922A4B256005AA2E0 /* RegistrarABI.json in Resources */,
				7831925A22A4B256005AA2E0 /* RegistryABI.json in Resources */,
			);
			runOnlyForDeploymentPostprocessing = 0;
		};
/* End PBXResourcesBuildPhase section */

/* Begin PBXShellScriptBuildPhase section */
		4CBE96A74639BF3DA6BF1618 /* [CP] Embed Pods Frameworks */ = {
			isa = PBXShellScriptBuildPhase;
			buildActionMask = 2147483647;
			files = (
			);
			inputFileListPaths = (
			);
			inputPaths = (
				"${PODS_ROOT}/Target Support Files/Pods-rns-ios-rns-iosTests/Pods-rns-ios-rns-iosTests-frameworks.sh",
				"${BUILT_PRODUCTS_DIR}/BigInt/BigInt.framework",
				"${BUILT_PRODUCTS_DIR}/CryptoSwift/CryptoSwift.framework",
				"${BUILT_PRODUCTS_DIR}/PromiseKit/PromiseKit.framework",
				"${BUILT_PRODUCTS_DIR}/SipHash/SipHash.framework",
				"${BUILT_PRODUCTS_DIR}/SwiftyJSON/SwiftyJSON.framework",
				"${BUILT_PRODUCTS_DIR}/Web3/Web3.framework",
				"${BUILT_PRODUCTS_DIR}/secp256k1.swift/secp256k1.framework",
			);
			name = "[CP] Embed Pods Frameworks";
			outputFileListPaths = (
			);
			outputPaths = (
				"${TARGET_BUILD_DIR}/${FRAMEWORKS_FOLDER_PATH}/BigInt.framework",
				"${TARGET_BUILD_DIR}/${FRAMEWORKS_FOLDER_PATH}/CryptoSwift.framework",
				"${TARGET_BUILD_DIR}/${FRAMEWORKS_FOLDER_PATH}/PromiseKit.framework",
				"${TARGET_BUILD_DIR}/${FRAMEWORKS_FOLDER_PATH}/SipHash.framework",
				"${TARGET_BUILD_DIR}/${FRAMEWORKS_FOLDER_PATH}/SwiftyJSON.framework",
				"${TARGET_BUILD_DIR}/${FRAMEWORKS_FOLDER_PATH}/Web3.framework",
				"${TARGET_BUILD_DIR}/${FRAMEWORKS_FOLDER_PATH}/secp256k1.framework",
			);
			runOnlyForDeploymentPostprocessing = 0;
			shellPath = /bin/sh;
			shellScript = "\"${PODS_ROOT}/Target Support Files/Pods-rns-ios-rns-iosTests/Pods-rns-ios-rns-iosTests-frameworks.sh\"\n";
			showEnvVarsInLog = 0;
		};
		C10B8442FEC31AD6DC3A149B /* [CP] Check Pods Manifest.lock */ = {
			isa = PBXShellScriptBuildPhase;
			buildActionMask = 2147483647;
			files = (
			);
			inputFileListPaths = (
			);
			inputPaths = (
				"${PODS_PODFILE_DIR_PATH}/Podfile.lock",
				"${PODS_ROOT}/Manifest.lock",
			);
			name = "[CP] Check Pods Manifest.lock";
			outputFileListPaths = (
			);
			outputPaths = (
				"$(DERIVED_FILE_DIR)/Pods-rns-ios-checkManifestLockResult.txt",
			);
			runOnlyForDeploymentPostprocessing = 0;
			shellPath = /bin/sh;
			shellScript = "diff \"${PODS_PODFILE_DIR_PATH}/Podfile.lock\" \"${PODS_ROOT}/Manifest.lock\" > /dev/null\nif [ $? != 0 ] ; then\n    # print error to STDERR\n    echo \"error: The sandbox is not in sync with the Podfile.lock. Run 'pod install' or update your CocoaPods installation.\" >&2\n    exit 1\nfi\n# This output is used by Xcode 'outputs' to avoid re-running this script phase.\necho \"SUCCESS\" > \"${SCRIPT_OUTPUT_FILE_0}\"\n";
			showEnvVarsInLog = 0;
		};
		E8B056B30274DBE49734BD35 /* [CP] Check Pods Manifest.lock */ = {
			isa = PBXShellScriptBuildPhase;
			buildActionMask = 2147483647;
			files = (
			);
			inputFileListPaths = (
			);
			inputPaths = (
				"${PODS_PODFILE_DIR_PATH}/Podfile.lock",
				"${PODS_ROOT}/Manifest.lock",
			);
			name = "[CP] Check Pods Manifest.lock";
			outputFileListPaths = (
			);
			outputPaths = (
				"$(DERIVED_FILE_DIR)/Pods-rns-ios-rns-iosTests-checkManifestLockResult.txt",
			);
			runOnlyForDeploymentPostprocessing = 0;
			shellPath = /bin/sh;
			shellScript = "diff \"${PODS_PODFILE_DIR_PATH}/Podfile.lock\" \"${PODS_ROOT}/Manifest.lock\" > /dev/null\nif [ $? != 0 ] ; then\n    # print error to STDERR\n    echo \"error: The sandbox is not in sync with the Podfile.lock. Run 'pod install' or update your CocoaPods installation.\" >&2\n    exit 1\nfi\n# This output is used by Xcode 'outputs' to avoid re-running this script phase.\necho \"SUCCESS\" > \"${SCRIPT_OUTPUT_FILE_0}\"\n";
			showEnvVarsInLog = 0;
		};
/* End PBXShellScriptBuildPhase section */

/* Begin PBXSourcesBuildPhase section */
		7847048D228CAFD800477999 /* Sources */ = {
			isa = PBXSourcesBuildPhase;
			buildActionMask = 2147483647;
			files = (
				788083C9228DE0B200FFF0EA /* ens_namehash.swift in Sources */,
				7810FA8F22A1ABC600B8D0E7 /* RnsResolver.swift in Sources */,
				7810FA9122A1AC5F00B8D0E7 /* utils.swift in Sources */,
			);
			runOnlyForDeploymentPostprocessing = 0;
		};
		78470496228CAFD800477999 /* Sources */ = {
			isa = PBXSourcesBuildPhase;
			buildActionMask = 2147483647;
			files = (
				7831925622A4B1A4005AA2E0 /* resolver.swift in Sources */,
			);
			runOnlyForDeploymentPostprocessing = 0;
		};
/* End PBXSourcesBuildPhase section */

/* Begin PBXTargetDependency section */
		7847049D228CAFD800477999 /* PBXTargetDependency */ = {
			isa = PBXTargetDependency;
			target = 78470490228CAFD800477999 /* rns-ios */;
			targetProxy = 7847049C228CAFD800477999 /* PBXContainerItemProxy */;
		};
/* End PBXTargetDependency section */

/* Begin XCBuildConfiguration section */
		784704A3228CAFD800477999 /* Debug */ = {
			isa = XCBuildConfiguration;
			buildSettings = {
				ALWAYS_SEARCH_USER_PATHS = NO;
				CLANG_ANALYZER_NONNULL = YES;
				CLANG_ANALYZER_NUMBER_OBJECT_CONVERSION = YES_AGGRESSIVE;
				CLANG_CXX_LANGUAGE_STANDARD = "gnu++14";
				CLANG_CXX_LIBRARY = "libc++";
				CLANG_ENABLE_MODULES = YES;
				CLANG_ENABLE_OBJC_ARC = YES;
				CLANG_ENABLE_OBJC_WEAK = YES;
				CLANG_WARN_BLOCK_CAPTURE_AUTORELEASING = YES;
				CLANG_WARN_BOOL_CONVERSION = YES;
				CLANG_WARN_COMMA = YES;
				CLANG_WARN_CONSTANT_CONVERSION = YES;
				CLANG_WARN_DEPRECATED_OBJC_IMPLEMENTATIONS = YES;
				CLANG_WARN_DIRECT_OBJC_ISA_USAGE = YES_ERROR;
				CLANG_WARN_DOCUMENTATION_COMMENTS = YES;
				CLANG_WARN_EMPTY_BODY = YES;
				CLANG_WARN_ENUM_CONVERSION = YES;
				CLANG_WARN_INFINITE_RECURSION = YES;
				CLANG_WARN_INT_CONVERSION = YES;
				CLANG_WARN_NON_LITERAL_NULL_CONVERSION = YES;
				CLANG_WARN_OBJC_IMPLICIT_RETAIN_SELF = YES;
				CLANG_WARN_OBJC_LITERAL_CONVERSION = YES;
				CLANG_WARN_OBJC_ROOT_CLASS = YES_ERROR;
				CLANG_WARN_RANGE_LOOP_ANALYSIS = YES;
				CLANG_WARN_STRICT_PROTOTYPES = YES;
				CLANG_WARN_SUSPICIOUS_MOVE = YES;
				CLANG_WARN_UNGUARDED_AVAILABILITY = YES_AGGRESSIVE;
				CLANG_WARN_UNREACHABLE_CODE = YES;
				CLANG_WARN__DUPLICATE_METHOD_MATCH = YES;
				CODE_SIGN_IDENTITY = "iPhone Developer";
				COPY_PHASE_STRIP = NO;
				CURRENT_PROJECT_VERSION = 1;
				DEBUG_INFORMATION_FORMAT = dwarf;
				ENABLE_STRICT_OBJC_MSGSEND = YES;
				ENABLE_TESTABILITY = YES;
				GCC_C_LANGUAGE_STANDARD = gnu11;
				GCC_DYNAMIC_NO_PIC = NO;
				GCC_NO_COMMON_BLOCKS = YES;
				GCC_OPTIMIZATION_LEVEL = 0;
				GCC_PREPROCESSOR_DEFINITIONS = (
					"DEBUG=1",
					"$(inherited)",
				);
				GCC_WARN_64_TO_32_BIT_CONVERSION = YES;
				GCC_WARN_ABOUT_RETURN_TYPE = YES_ERROR;
				GCC_WARN_UNDECLARED_SELECTOR = YES;
				GCC_WARN_UNINITIALIZED_AUTOS = YES_AGGRESSIVE;
				GCC_WARN_UNUSED_FUNCTION = YES;
				GCC_WARN_UNUSED_VARIABLE = YES;
				IPHONEOS_DEPLOYMENT_TARGET = 12.2;
				MTL_ENABLE_DEBUG_INFO = INCLUDE_SOURCE;
				MTL_FAST_MATH = YES;
				ONLY_ACTIVE_ARCH = YES;
				SDKROOT = iphoneos;
				SWIFT_ACTIVE_COMPILATION_CONDITIONS = DEBUG;
				SWIFT_OPTIMIZATION_LEVEL = "-Onone";
				VERSIONING_SYSTEM = "apple-generic";
				VERSION_INFO_PREFIX = "";
			};
			name = Debug;
		};
		784704A4228CAFD800477999 /* Release */ = {
			isa = XCBuildConfiguration;
			buildSettings = {
				ALWAYS_SEARCH_USER_PATHS = NO;
				CLANG_ANALYZER_NONNULL = YES;
				CLANG_ANALYZER_NUMBER_OBJECT_CONVERSION = YES_AGGRESSIVE;
				CLANG_CXX_LANGUAGE_STANDARD = "gnu++14";
				CLANG_CXX_LIBRARY = "libc++";
				CLANG_ENABLE_MODULES = YES;
				CLANG_ENABLE_OBJC_ARC = YES;
				CLANG_ENABLE_OBJC_WEAK = YES;
				CLANG_WARN_BLOCK_CAPTURE_AUTORELEASING = YES;
				CLANG_WARN_BOOL_CONVERSION = YES;
				CLANG_WARN_COMMA = YES;
				CLANG_WARN_CONSTANT_CONVERSION = YES;
				CLANG_WARN_DEPRECATED_OBJC_IMPLEMENTATIONS = YES;
				CLANG_WARN_DIRECT_OBJC_ISA_USAGE = YES_ERROR;
				CLANG_WARN_DOCUMENTATION_COMMENTS = YES;
				CLANG_WARN_EMPTY_BODY = YES;
				CLANG_WARN_ENUM_CONVERSION = YES;
				CLANG_WARN_INFINITE_RECURSION = YES;
				CLANG_WARN_INT_CONVERSION = YES;
				CLANG_WARN_NON_LITERAL_NULL_CONVERSION = YES;
				CLANG_WARN_OBJC_IMPLICIT_RETAIN_SELF = YES;
				CLANG_WARN_OBJC_LITERAL_CONVERSION = YES;
				CLANG_WARN_OBJC_ROOT_CLASS = YES_ERROR;
				CLANG_WARN_RANGE_LOOP_ANALYSIS = YES;
				CLANG_WARN_STRICT_PROTOTYPES = YES;
				CLANG_WARN_SUSPICIOUS_MOVE = YES;
				CLANG_WARN_UNGUARDED_AVAILABILITY = YES_AGGRESSIVE;
				CLANG_WARN_UNREACHABLE_CODE = YES;
				CLANG_WARN__DUPLICATE_METHOD_MATCH = YES;
				CODE_SIGN_IDENTITY = "iPhone Developer";
				COPY_PHASE_STRIP = NO;
				CURRENT_PROJECT_VERSION = 1;
				DEBUG_INFORMATION_FORMAT = "dwarf-with-dsym";
				ENABLE_NS_ASSERTIONS = NO;
				ENABLE_STRICT_OBJC_MSGSEND = YES;
				GCC_C_LANGUAGE_STANDARD = gnu11;
				GCC_NO_COMMON_BLOCKS = YES;
				GCC_WARN_64_TO_32_BIT_CONVERSION = YES;
				GCC_WARN_ABOUT_RETURN_TYPE = YES_ERROR;
				GCC_WARN_UNDECLARED_SELECTOR = YES;
				GCC_WARN_UNINITIALIZED_AUTOS = YES_AGGRESSIVE;
				GCC_WARN_UNUSED_FUNCTION = YES;
				GCC_WARN_UNUSED_VARIABLE = YES;
				IPHONEOS_DEPLOYMENT_TARGET = 12.2;
				MTL_ENABLE_DEBUG_INFO = NO;
				MTL_FAST_MATH = YES;
				SDKROOT = iphoneos;
				SWIFT_COMPILATION_MODE = wholemodule;
				SWIFT_OPTIMIZATION_LEVEL = "-O";
				VALIDATE_PRODUCT = YES;
				VERSIONING_SYSTEM = "apple-generic";
				VERSION_INFO_PREFIX = "";
			};
			name = Release;
		};
		784704A6228CAFD900477999 /* Debug */ = {
			isa = XCBuildConfiguration;
			baseConfigurationReference = ECEE91A80DF040838325238B /* Pods-rns-ios.debug.xcconfig */;
			buildSettings = {
				ALWAYS_EMBED_SWIFT_STANDARD_LIBRARIES = YES;
				CLANG_ENABLE_MODULES = YES;
				CODE_SIGN_IDENTITY = "";
				CODE_SIGN_STYLE = Automatic;
				DEFINES_MODULE = YES;
				DEVELOPMENT_TEAM = W285B6L45V;
				DYLIB_COMPATIBILITY_VERSION = 1;
				DYLIB_CURRENT_VERSION = 1;
				DYLIB_INSTALL_NAME_BASE = "@rpath";
				INFOPLIST_FILE = "rns-ios/Info.plist";
				INSTALL_PATH = "'@executable_path/../Frameworks'";
				LD_RUNPATH_SEARCH_PATHS = (
					"$(inherited)",
					"@executable_path/Frameworks",
					"@loader_path/Frameworks",
				);
				PRODUCT_BUNDLE_IDENTIFIER = "com.sirius.rns-ios";
				PRODUCT_NAME = "$(TARGET_NAME:c99extidentifier)";
				SKIP_INSTALL = YES;
				SWIFT_OPTIMIZATION_LEVEL = "-Onone";
				SWIFT_VERSION = 4.0;
				TARGETED_DEVICE_FAMILY = "1,2";
			};
			name = Debug;
		};
		784704A7228CAFD900477999 /* Release */ = {
			isa = XCBuildConfiguration;
			baseConfigurationReference = E1BC4EC71028A344CCAB9D7E /* Pods-rns-ios.release.xcconfig */;
			buildSettings = {
				ALWAYS_EMBED_SWIFT_STANDARD_LIBRARIES = YES;
				CLANG_ENABLE_MODULES = YES;
				CODE_SIGN_IDENTITY = "";
				CODE_SIGN_STYLE = Automatic;
				DEFINES_MODULE = YES;
				DEVELOPMENT_TEAM = W285B6L45V;
				DYLIB_COMPATIBILITY_VERSION = 1;
				DYLIB_CURRENT_VERSION = 1;
				DYLIB_INSTALL_NAME_BASE = "@rpath";
				INFOPLIST_FILE = "rns-ios/Info.plist";
				INSTALL_PATH = "'@executable_path/../Frameworks'";
				LD_RUNPATH_SEARCH_PATHS = (
					"$(inherited)",
					"@executable_path/Frameworks",
					"@loader_path/Frameworks",
				);
				PRODUCT_BUNDLE_IDENTIFIER = "com.sirius.rns-ios";
				PRODUCT_NAME = "$(TARGET_NAME:c99extidentifier)";
				SKIP_INSTALL = YES;
				SWIFT_VERSION = 4.0;
				TARGETED_DEVICE_FAMILY = "1,2";
			};
			name = Release;
		};
		784704A9228CAFD900477999 /* Debug */ = {
			isa = XCBuildConfiguration;
			baseConfigurationReference = E031C8F6823364C168A2D532 /* Pods-rns-ios-rns-iosTests.debug.xcconfig */;
			buildSettings = {
				ALWAYS_EMBED_SWIFT_STANDARD_LIBRARIES = YES;
				CODE_SIGN_STYLE = Automatic;
				DEVELOPMENT_TEAM = W285B6L45V;
				INFOPLIST_FILE = "rns-iosTests/Info.plist";
				LD_RUNPATH_SEARCH_PATHS = (
					"$(inherited)",
					"@executable_path/Frameworks",
					"@loader_path/Frameworks",
				);
				PRODUCT_BUNDLE_IDENTIFIER = "com.sirius.rns-iosTests";
				PRODUCT_NAME = "$(TARGET_NAME)";
				SWIFT_VERSION = 4.0;
				TARGETED_DEVICE_FAMILY = "1,2";
			};
			name = Debug;
		};
		784704AA228CAFD900477999 /* Release */ = {
			isa = XCBuildConfiguration;
			baseConfigurationReference = ECFA84DA4077052529CC65B5 /* Pods-rns-ios-rns-iosTests.release.xcconfig */;
			buildSettings = {
				ALWAYS_EMBED_SWIFT_STANDARD_LIBRARIES = YES;
				CODE_SIGN_STYLE = Automatic;
				DEVELOPMENT_TEAM = W285B6L45V;
				INFOPLIST_FILE = "rns-iosTests/Info.plist";
				LD_RUNPATH_SEARCH_PATHS = (
					"$(inherited)",
					"@executable_path/Frameworks",
					"@loader_path/Frameworks",
				);
				PRODUCT_BUNDLE_IDENTIFIER = "com.sirius.rns-iosTests";
				PRODUCT_NAME = "$(TARGET_NAME)";
				SWIFT_VERSION = 4.0;
				TARGETED_DEVICE_FAMILY = "1,2";
			};
			name = Release;
		};
/* End XCBuildConfiguration section */

/* Begin XCConfigurationList section */
		7847048B228CAFD800477999 /* Build configuration list for PBXProject "rns-ios" */ = {
			isa = XCConfigurationList;
			buildConfigurations = (
				784704A3228CAFD800477999 /* Debug */,
				784704A4228CAFD800477999 /* Release */,
			);
			defaultConfigurationIsVisible = 0;
			defaultConfigurationName = Release;
		};
		784704A5228CAFD900477999 /* Build configuration list for PBXNativeTarget "rns-ios" */ = {
			isa = XCConfigurationList;
			buildConfigurations = (
				784704A6228CAFD900477999 /* Debug */,
				784704A7228CAFD900477999 /* Release */,
			);
			defaultConfigurationIsVisible = 0;
			defaultConfigurationName = Release;
		};
		784704A8228CAFD900477999 /* Build configuration list for PBXNativeTarget "rns-iosTests" */ = {
			isa = XCConfigurationList;
			buildConfigurations = (
				784704A9228CAFD900477999 /* Debug */,
				784704AA228CAFD900477999 /* Release */,
			);
			defaultConfigurationIsVisible = 0;
			defaultConfigurationName = Release;
		};
/* End XCConfigurationList section */
	};
	rootObject = 78470488228CAFD800477999 /* Project object */;
}
